
Microsoft Visual Studio Solution File, Format Version 12.00
# Visual Studio Version 17
VisualStudioVersion = 17.7.34221.43
MinimumVisualStudioVersion = 10.0.40219.1
Project("{FAE04EC0-301F-11D3-BF4B-00C04F79EFBC}") = "Oppgave 315 B", "Oppgave 315 B\Oppgave 315 B.csproj", "{944FD016-38F1-42F4-AE15-A028248D5C26}"
EndProject
Global
	GlobalSection(SolutionConfigurationPlatforms) = preSolution
		Debug|Any CPU = Debug|Any CPU
		Release|Any CPU = Release|Any CPU
	EndGlobalSection
	GlobalSection(ProjectConfigurationPlatforms) = postSolution
		{944FD016-38F1-42F4-AE15-A028248D5C26}.Debug|Any CPU.ActiveCfg = Debug|Any CPU
		{944FD016-38F1-42F4-AE15-A028248D5C26}.Debug|Any CPU.Build.0 = Debug|Any CPU
		{944FD016-38F1-42F4-AE15-A028248D5C26}.Release|Any CPU.ActiveCfg = Release|Any CPU
		{944FD016-38F1-42F4-AE15-A028248D5C26}.Release|Any CPU.Build.0 = Release|Any CPU
	EndGlobalSection
	GlobalSection(SolutionProperties) = preSolution
		HideSolutionNode = FALSE
	EndGlobalSection
	GlobalSection(ExtensibilityGlobals) = postSolution
		SolutionGuid = {39171DD1-8895-413A-ABDC-DB6BF3CA5EDE}
	EndGlobalSection
EndGlobal
