
Microsoft Visual Studio Solution File, Format Version 12.00
# Visual Studio Version 17
VisualStudioVersion = 17.7.34221.43
MinimumVisualStudioVersion = 10.0.40219.1
Project("{FAE04EC0-301F-11D3-BF4B-00C04F79EFBC}") = "Oppgave 315 A", "Oppgave 315 A\Oppgave 315 A.csproj", "{101607E3-9E9B-4D93-958F-087012C6AD06}"
EndProject
Global
	GlobalSection(SolutionConfigurationPlatforms) = preSolution
		Debug|Any CPU = Debug|Any CPU
		Release|Any CPU = Release|Any CPU
	EndGlobalSection
	GlobalSection(ProjectConfigurationPlatforms) = postSolution
		{101607E3-9E9B-4D93-958F-087012C6AD06}.Debug|Any CPU.ActiveCfg = Debug|Any CPU
		{101607E3-9E9B-4D93-958F-087012C6AD06}.Debug|Any CPU.Build.0 = Debug|Any CPU
		{101607E3-9E9B-4D93-958F-087012C6AD06}.Release|Any CPU.ActiveCfg = Release|Any CPU
		{101607E3-9E9B-4D93-958F-087012C6AD06}.Release|Any CPU.Build.0 = Release|Any CPU
	EndGlobalSection
	GlobalSection(SolutionProperties) = preSolution
		HideSolutionNode = FALSE
	EndGlobalSection
	GlobalSection(ExtensibilityGlobals) = postSolution
		SolutionGuid = {B03FBF97-735E-40C5-AE0C-00721593A0E1}
	EndGlobalSection
EndGlobal
