
Microsoft Visual Studio Solution File, Format Version 12.00
# Visual Studio Version 17
VisualStudioVersion = 17.7.34302.85
MinimumVisualStudioVersion = 10.0.40219.1
Project("{FAE04EC0-301F-11D3-BF4B-00C04F79EFBC}") = "Colors", "Colors\Colors.csproj", "{FC21173C-4CE8-4840-8D28-F17D6EAF43F4}"
EndProject
Global
	GlobalSection(SolutionConfigurationPlatforms) = preSolution
		Debug|Any CPU = Debug|Any CPU
		Release|Any CPU = Release|Any CPU
	EndGlobalSection
	GlobalSection(ProjectConfigurationPlatforms) = postSolution
		{FC21173C-4CE8-4840-8D28-F17D6EAF43F4}.Debug|Any CPU.ActiveCfg = Debug|Any CPU
		{FC21173C-4CE8-4840-8D28-F17D6EAF43F4}.Debug|Any CPU.Build.0 = Debug|Any CPU
		{FC21173C-4CE8-4840-8D28-F17D6EAF43F4}.Release|Any CPU.ActiveCfg = Release|Any CPU
		{FC21173C-4CE8-4840-8D28-F17D6EAF43F4}.Release|Any CPU.Build.0 = Release|Any CPU
	EndGlobalSection
	GlobalSection(SolutionProperties) = preSolution
		HideSolutionNode = FALSE
	EndGlobalSection
	GlobalSection(ExtensibilityGlobals) = postSolution
		SolutionGuid = {CD5E46A4-55ED-4EE7-8B91-781BE0E8C59B}
	EndGlobalSection
EndGlobal
