
Microsoft Visual Studio Solution File, Format Version 12.00
# Visual Studio Version 17
VisualStudioVersion = 17.7.34221.43
MinimumVisualStudioVersion = 10.0.40219.1
Project("{FAE04EC0-301F-11D3-BF4B-00C04F79EFBC}") = "Oppgave 315 A 2", "Oppgave 315 A 2\Oppgave 315 A 2.csproj", "{42DDD3F8-D015-4CD7-8764-E58FE87A11EE}"
EndProject
Global
	GlobalSection(SolutionConfigurationPlatforms) = preSolution
		Debug|Any CPU = Debug|Any CPU
		Release|Any CPU = Release|Any CPU
	EndGlobalSection
	GlobalSection(ProjectConfigurationPlatforms) = postSolution
		{42DDD3F8-D015-4CD7-8764-E58FE87A11EE}.Debug|Any CPU.ActiveCfg = Debug|Any CPU
		{42DDD3F8-D015-4CD7-8764-E58FE87A11EE}.Debug|Any CPU.Build.0 = Debug|Any CPU
		{42DDD3F8-D015-4CD7-8764-E58FE87A11EE}.Release|Any CPU.ActiveCfg = Release|Any CPU
		{42DDD3F8-D015-4CD7-8764-E58FE87A11EE}.Release|Any CPU.Build.0 = Release|Any CPU
	EndGlobalSection
	GlobalSection(SolutionProperties) = preSolution
		HideSolutionNode = FALSE
	EndGlobalSection
	GlobalSection(ExtensibilityGlobals) = postSolution
		SolutionGuid = {B5FC5A9C-DDD2-4482-80A0-23D2F9FD6287}
	EndGlobalSection
EndGlobal
