
Microsoft Visual Studio Solution File, Format Version 12.00
# Visual Studio Version 17
VisualStudioVersion = 17.7.34221.43
MinimumVisualStudioVersion = 10.0.40219.1
Project("{FAE04EC0-301F-11D3-BF4B-00C04F79EFBC}") = "HelloWorld2023", "HelloWorld2023\HelloWorld2023.csproj", "{C468AB4B-46B8-4102-A161-FD2206370B70}"
EndProject
Global
	GlobalSection(SolutionConfigurationPlatforms) = preSolution
		Debug|Any CPU = Debug|Any CPU
		Release|Any CPU = Release|Any CPU
	EndGlobalSection
	GlobalSection(ProjectConfigurationPlatforms) = postSolution
		{C468AB4B-46B8-4102-A161-FD2206370B70}.Debug|Any CPU.ActiveCfg = Debug|Any CPU
		{C468AB4B-46B8-4102-A161-FD2206370B70}.Debug|Any CPU.Build.0 = Debug|Any CPU
		{C468AB4B-46B8-4102-A161-FD2206370B70}.Release|Any CPU.ActiveCfg = Release|Any CPU
		{C468AB4B-46B8-4102-A161-FD2206370B70}.Release|Any CPU.Build.0 = Release|Any CPU
	EndGlobalSection
	GlobalSection(SolutionProperties) = preSolution
		HideSolutionNode = FALSE
	EndGlobalSection
	GlobalSection(ExtensibilityGlobals) = postSolution
		SolutionGuid = {73380C4E-AD4C-4597-A52E-EFA9B60F10F3}
	EndGlobalSection
EndGlobal
